// !$*UTF8*$!
{
	archiveVersion = 1;
	classes = {
	};
	objectVersion = 50;
	objects = {

/* Begin PBXBuildFile section */
		ACA5637424A1CD8F00CC4931 /* main.swift in Sources */ = {isa = PBXBuildFile; fileRef = ACA5637324A1CD8F00CC4931 /* main.swift */; };
		ACA5637C24A1FCEF00CC4931 /* BOJ_2753.swift in Sources */ = {isa = PBXBuildFile; fileRef = ACA5637B24A1FCEF00CC4931 /* BOJ_2753.swift */; };
		ACA5637E24A1FDA100CC4931 /* BOJ_1330.swift in Sources */ = {isa = PBXBuildFile; fileRef = ACA5637D24A1FDA100CC4931 /* BOJ_1330.swift */; };
		ACA5638024A20A7600CC4931 /* BOJ_14681.swift in Sources */ = {isa = PBXBuildFile; fileRef = ACA5637F24A20A7600CC4931 /* BOJ_14681.swift */; };
		ACA5638224A43E4100CC4931 /* BOJ_2884.swift in Sources */ = {isa = PBXBuildFile; fileRef = ACA5638124A43E4100CC4931 /* BOJ_2884.swift */; };
		ACA5638424A4426100CC4931 /* BOJ_2739.swift in Sources */ = {isa = PBXBuildFile; fileRef = ACA5638324A4426100CC4931 /* BOJ_2739.swift */; };
		ACA5638624A4491200CC4931 /* BOJ_10950.swift in Sources */ = {isa = PBXBuildFile; fileRef = ACA5638524A4491200CC4931 /* BOJ_10950.swift */; };
		ACA5638824A4612C00CC4931 /* BOJ_2588.swift in Sources */ = {isa = PBXBuildFile; fileRef = ACA5638724A4612C00CC4931 /* BOJ_2588.swift */; };
/* End PBXBuildFile section */

/* Begin PBXCopyFilesBuildPhase section */
		ACA5636E24A1CD8F00CC4931 /* CopyFiles */ = {
			isa = PBXCopyFilesBuildPhase;
			buildActionMask = 2147483647;
			dstPath = /usr/share/man/man1/;
			dstSubfolderSpec = 0;
			files = (
			);
			runOnlyForDeploymentPostprocessing = 1;
		};
/* End PBXCopyFilesBuildPhase section */

/* Begin PBXFileReference section */
		ACA5637024A1CD8F00CC4931 /* Algorithm */ = {isa = PBXFileReference; explicitFileType = "compiled.mach-o.executable"; includeInIndex = 0; path = Algorithm; sourceTree = BUILT_PRODUCTS_DIR; };
		ACA5637324A1CD8F00CC4931 /* main.swift */ = {isa = PBXFileReference; lastKnownFileType = sourcecode.swift; path = main.swift; sourceTree = "<group>"; };
		ACA5637B24A1FCEF00CC4931 /* BOJ_2753.swift */ = {isa = PBXFileReference; lastKnownFileType = sourcecode.swift; path = BOJ_2753.swift; sourceTree = "<group>"; };
		ACA5637D24A1FDA100CC4931 /* BOJ_1330.swift */ = {isa = PBXFileReference; lastKnownFileType = sourcecode.swift; path = BOJ_1330.swift; sourceTree = "<group>"; };
		ACA5637F24A20A7600CC4931 /* BOJ_14681.swift */ = {isa = PBXFileReference; lastKnownFileType = sourcecode.swift; path = BOJ_14681.swift; sourceTree = "<group>"; };
		ACA5638124A43E4100CC4931 /* BOJ_2884.swift */ = {isa = PBXFileReference; lastKnownFileType = sourcecode.swift; path = BOJ_2884.swift; sourceTree = "<group>"; };
		ACA5638324A4426100CC4931 /* BOJ_2739.swift */ = {isa = PBXFileReference; lastKnownFileType = sourcecode.swift; path = BOJ_2739.swift; sourceTree = "<group>"; };
		ACA5638524A4491200CC4931 /* BOJ_10950.swift */ = {isa = PBXFileReference; lastKnownFileType = sourcecode.swift; path = BOJ_10950.swift; sourceTree = "<group>"; };
		ACA5638724A4612C00CC4931 /* BOJ_2588.swift */ = {isa = PBXFileReference; lastKnownFileType = sourcecode.swift; path = BOJ_2588.swift; sourceTree = "<group>"; };
/* End PBXFileReference section */

/* Begin PBXFrameworksBuildPhase section */
		ACA5636D24A1CD8F00CC4931 /* Frameworks */ = {
			isa = PBXFrameworksBuildPhase;
			buildActionMask = 2147483647;
			files = (
			);
			runOnlyForDeploymentPostprocessing = 0;
		};
/* End PBXFrameworksBuildPhase section */

/* Begin PBXGroup section */
		ACA5636724A1CD8F00CC4931 = {
			isa = PBXGroup;
			children = (
				ACA5637224A1CD8F00CC4931 /* Algorithm */,
				ACA5637124A1CD8F00CC4931 /* Products */,
			);
			sourceTree = "<group>";
		};
		ACA5637124A1CD8F00CC4931 /* Products */ = {
			isa = PBXGroup;
			children = (
				ACA5637024A1CD8F00CC4931 /* Algorithm */,
			);
			name = Products;
			sourceTree = "<group>";
		};
		ACA5637224A1CD8F00CC4931 /* Algorithm */ = {
			isa = PBXGroup;
			children = (
				ACA5637A24A1FCCC00CC4931 /* basic */,
				ACA5637324A1CD8F00CC4931 /* main.swift */,
			);
			path = Algorithm;
			sourceTree = "<group>";
		};
		ACA5637A24A1FCCC00CC4931 /* basic */ = {
			isa = PBXGroup;
			children = (
				ACA5637B24A1FCEF00CC4931 /* BOJ_2753.swift */,
				ACA5637D24A1FDA100CC4931 /* BOJ_1330.swift */,
				ACA5637F24A20A7600CC4931 /* BOJ_14681.swift */,
				ACA5638124A43E4100CC4931 /* BOJ_2884.swift */,
				ACA5638324A4426100CC4931 /* BOJ_2739.swift */,
				ACA5638524A4491200CC4931 /* BOJ_10950.swift */,
				ACA5638724A4612C00CC4931 /* BOJ_2588.swift */,
			);
			path = basic;
			sourceTree = "<group>";
		};
/* End PBXGroup section */

/* Begin PBXNativeTarget section */
		ACA5636F24A1CD8F00CC4931 /* Algorithm */ = {
			isa = PBXNativeTarget;
			buildConfigurationList = ACA5637724A1CD8F00CC4931 /* Build configuration list for PBXNativeTarget "Algorithm" */;
			buildPhases = (
				ACA5636C24A1CD8F00CC4931 /* Sources */,
				ACA5636D24A1CD8F00CC4931 /* Frameworks */,
				ACA5636E24A1CD8F00CC4931 /* CopyFiles */,
			);
			buildRules = (
			);
			dependencies = (
			);
			name = Algorithm;
			productName = Algorithm;
			productReference = ACA5637024A1CD8F00CC4931 /* Algorithm */;
			productType = "com.apple.product-type.tool";
		};
/* End PBXNativeTarget section */

/* Begin PBXProject section */
		ACA5636824A1CD8F00CC4931 /* Project object */ = {
			isa = PBXProject;
			attributes = {
				LastSwiftUpdateCheck = 1150;
				LastUpgradeCheck = 1150;
				ORGANIZATIONNAME = Sample;
				TargetAttributes = {
					ACA5636F24A1CD8F00CC4931 = {
						CreatedOnToolsVersion = 11.5;
					};
				};
			};
			buildConfigurationList = ACA5636B24A1CD8F00CC4931 /* Build configuration list for PBXProject "Algorithm" */;
			compatibilityVersion = "Xcode 9.3";
			developmentRegion = en;
			hasScannedForEncodings = 0;
			knownRegions = (
				en,
				Base,
			);
			mainGroup = ACA5636724A1CD8F00CC4931;
			productRefGroup = ACA5637124A1CD8F00CC4931 /* Products */;
			projectDirPath = "";
			projectRoot = "";
			targets = (
				ACA5636F24A1CD8F00CC4931 /* Algorithm */,
			);
		};
/* End PBXProject section */

/* Begin PBXSourcesBuildPhase section */
		ACA5636C24A1CD8F00CC4931 /* Sources */ = {
			isa = PBXSourcesBuildPhase;
			buildActionMask = 2147483647;
			files = (
				ACA5638024A20A7600CC4931 /* BOJ_14681.swift in Sources */,
				ACA5637E24A1FDA100CC4931 /* BOJ_1330.swift in Sources */,
				ACA5638824A4612C00CC4931 /* BOJ_2588.swift in Sources */,
				ACA5637C24A1FCEF00CC4931 /* BOJ_2753.swift in Sources */,
				ACA5638624A4491200CC4931 /* BOJ_10950.swift in Sources */,
				ACA5637424A1CD8F00CC4931 /* main.swift in Sources */,
				ACA5638424A4426100CC4931 /* BOJ_2739.swift in Sources */,
				ACA5638224A43E4100CC4931 /* BOJ_2884.swift in Sources */,
			);
			runOnlyForDeploymentPostprocessing = 0;
		};
/* End PBXSourcesBuildPhase section */

/* Begin XCBuildConfiguration section */
		ACA5637524A1CD8F00CC4931 /* Debug */ = {
			isa = XCBuildConfiguration;
			buildSettings = {
				ALWAYS_SEARCH_USER_PATHS = NO;
				CLANG_ANALYZER_NONNULL = YES;
				CLANG_ANALYZER_NUMBER_OBJECT_CONVERSION = YES_AGGRESSIVE;
				CLANG_CXX_LANGUAGE_STANDARD = "gnu++14";
				CLANG_CXX_LIBRARY = "libc++";
				CLANG_ENABLE_MODULES = YES;
				CLANG_ENABLE_OBJC_ARC = YES;
				CLANG_ENABLE_OBJC_WEAK = YES;
				CLANG_WARN_BLOCK_CAPTURE_AUTORELEASING = YES;
				CLANG_WARN_BOOL_CONVERSION = YES;
				CLANG_WARN_COMMA = YES;
				CLANG_WARN_CONSTANT_CONVERSION = YES;
				CLANG_WARN_DEPRECATED_OBJC_IMPLEMENTATIONS = YES;
				CLANG_WARN_DIRECT_OBJC_ISA_USAGE = YES_ERROR;
				CLANG_WARN_DOCUMENTATION_COMMENTS = YES;
				CLANG_WARN_EMPTY_BODY = YES;
				CLANG_WARN_ENUM_CONVERSION = YES;
				CLANG_WARN_INFINITE_RECURSION = YES;
				CLANG_WARN_INT_CONVERSION = YES;
				CLANG_WARN_NON_LITERAL_NULL_CONVERSION = YES;
				CLANG_WARN_OBJC_IMPLICIT_RETAIN_SELF = YES;
				CLANG_WARN_OBJC_LITERAL_CONVERSION = YES;
				CLANG_WARN_OBJC_ROOT_CLASS = YES_ERROR;
				CLANG_WARN_RANGE_LOOP_ANALYSIS = YES;
				CLANG_WARN_STRICT_PROTOTYPES = YES;
				CLANG_WARN_SUSPICIOUS_MOVE = YES;
				CLANG_WARN_UNGUARDED_AVAILABILITY = YES_AGGRESSIVE;
				CLANG_WARN_UNREACHABLE_CODE = YES;
				CLANG_WARN__DUPLICATE_METHOD_MATCH = YES;
				COPY_PHASE_STRIP = NO;
				DEBUG_INFORMATION_FORMAT = dwarf;
				ENABLE_STRICT_OBJC_MSGSEND = YES;
				ENABLE_TESTABILITY = YES;
				GCC_C_LANGUAGE_STANDARD = gnu11;
				GCC_DYNAMIC_NO_PIC = NO;
				GCC_NO_COMMON_BLOCKS = YES;
				GCC_OPTIMIZATION_LEVEL = 0;
				GCC_PREPROCESSOR_DEFINITIONS = (
					"DEBUG=1",
					"$(inherited)",
				);
				GCC_WARN_64_TO_32_BIT_CONVERSION = YES;
				GCC_WARN_ABOUT_RETURN_TYPE = YES_ERROR;
				GCC_WARN_UNDECLARED_SELECTOR = YES;
				GCC_WARN_UNINITIALIZED_AUTOS = YES_AGGRESSIVE;
				GCC_WARN_UNUSED_FUNCTION = YES;
				GCC_WARN_UNUSED_VARIABLE = YES;
				MACOSX_DEPLOYMENT_TARGET = 10.15;
				MTL_ENABLE_DEBUG_INFO = INCLUDE_SOURCE;
				MTL_FAST_MATH = YES;
				ONLY_ACTIVE_ARCH = YES;
				SDKROOT = macosx;
				SWIFT_ACTIVE_COMPILATION_CONDITIONS = DEBUG;
				SWIFT_OPTIMIZATION_LEVEL = "-Onone";
			};
			name = Debug;
		};
		ACA5637624A1CD8F00CC4931 /* Release */ = {
			isa = XCBuildConfiguration;
			buildSettings = {
				ALWAYS_SEARCH_USER_PATHS = NO;
				CLANG_ANALYZER_NONNULL = YES;
				CLANG_ANALYZER_NUMBER_OBJECT_CONVERSION = YES_AGGRESSIVE;
				CLANG_CXX_LANGUAGE_STANDARD = "gnu++14";
				CLANG_CXX_LIBRARY = "libc++";
				CLANG_ENABLE_MODULES = YES;
				CLANG_ENABLE_OBJC_ARC = YES;
				CLANG_ENABLE_OBJC_WEAK = YES;
				CLANG_WARN_BLOCK_CAPTURE_AUTORELEASING = YES;
				CLANG_WARN_BOOL_CONVERSION = YES;
				CLANG_WARN_COMMA = YES;
				CLANG_WARN_CONSTANT_CONVERSION = YES;
				CLANG_WARN_DEPRECATED_OBJC_IMPLEMENTATIONS = YES;
				CLANG_WARN_DIRECT_OBJC_ISA_USAGE = YES_ERROR;
				CLANG_WARN_DOCUMENTATION_COMMENTS = YES;
				CLANG_WARN_EMPTY_BODY = YES;
				CLANG_WARN_ENUM_CONVERSION = YES;
				CLANG_WARN_INFINITE_RECURSION = YES;
				CLANG_WARN_INT_CONVERSION = YES;
				CLANG_WARN_NON_LITERAL_NULL_CONVERSION = YES;
				CLANG_WARN_OBJC_IMPLICIT_RETAIN_SELF = YES;
				CLANG_WARN_OBJC_LITERAL_CONVERSION = YES;
				CLANG_WARN_OBJC_ROOT_CLASS = YES_ERROR;
				CLANG_WARN_RANGE_LOOP_ANALYSIS = YES;
				CLANG_WARN_STRICT_PROTOTYPES = YES;
				CLANG_WARN_SUSPICIOUS_MOVE = YES;
				CLANG_WARN_UNGUARDED_AVAILABILITY = YES_AGGRESSIVE;
				CLANG_WARN_UNREACHABLE_CODE = YES;
				CLANG_WARN__DUPLICATE_METHOD_MATCH = YES;
				COPY_PHASE_STRIP = NO;
				DEBUG_INFORMATION_FORMAT = "dwarf-with-dsym";
				ENABLE_NS_ASSERTIONS = NO;
				ENABLE_STRICT_OBJC_MSGSEND = YES;
				GCC_C_LANGUAGE_STANDARD = gnu11;
				GCC_NO_COMMON_BLOCKS = YES;
				GCC_WARN_64_TO_32_BIT_CONVERSION = YES;
				GCC_WARN_ABOUT_RETURN_TYPE = YES_ERROR;
				GCC_WARN_UNDECLARED_SELECTOR = YES;
				GCC_WARN_UNINITIALIZED_AUTOS = YES_AGGRESSIVE;
				GCC_WARN_UNUSED_FUNCTION = YES;
				GCC_WARN_UNUSED_VARIABLE = YES;
				MACOSX_DEPLOYMENT_TARGET = 10.15;
				MTL_ENABLE_DEBUG_INFO = NO;
				MTL_FAST_MATH = YES;
				SDKROOT = macosx;
				SWIFT_COMPILATION_MODE = wholemodule;
				SWIFT_OPTIMIZATION_LEVEL = "-O";
			};
			name = Release;
		};
		ACA5637824A1CD8F00CC4931 /* Debug */ = {
			isa = XCBuildConfiguration;
			buildSettings = {
				CODE_SIGN_STYLE = Automatic;
				DEVELOPMENT_TEAM = 265H8P3B42;
				ENABLE_HARDENED_RUNTIME = YES;
				PRODUCT_NAME = "$(TARGET_NAME)";
				SWIFT_VERSION = 5.0;
			};
			name = Debug;
		};
		ACA5637924A1CD8F00CC4931 /* Release */ = {
			isa = XCBuildConfiguration;
			buildSettings = {
				CODE_SIGN_STYLE = Automatic;
				DEVELOPMENT_TEAM = 265H8P3B42;
				ENABLE_HARDENED_RUNTIME = YES;
				PRODUCT_NAME = "$(TARGET_NAME)";
				SWIFT_VERSION = 5.0;
			};
			name = Release;
		};
/* End XCBuildConfiguration section */

/* Begin XCConfigurationList section */
		ACA5636B24A1CD8F00CC4931 /* Build configuration list for PBXProject "Algorithm" */ = {
			isa = XCConfigurationList;
			buildConfigurations = (
				ACA5637524A1CD8F00CC4931 /* Debug */,
				ACA5637624A1CD8F00CC4931 /* Release */,
			);
			defaultConfigurationIsVisible = 0;
			defaultConfigurationName = Release;
		};
		ACA5637724A1CD8F00CC4931 /* Build configuration list for PBXNativeTarget "Algorithm" */ = {
			isa = XCConfigurationList;
			buildConfigurations = (
				ACA5637824A1CD8F00CC4931 /* Debug */,
				ACA5637924A1CD8F00CC4931 /* Release */,
			);
			defaultConfigurationIsVisible = 0;
			defaultConfigurationName = Release;
		};
/* End XCConfigurationList section */
	};
	rootObject = ACA5636824A1CD8F00CC4931 /* Project object */;
}
